
Microsoft Visual Studio Solution File, Format Version 12.00
Project("{FAE04EC0-301F-11D3-BF4B-00C04F79EFBC}") = "SyntecTestApp", "SyntecTestApp\SyntecTestApp.csproj", "{33054426-ADB5-44AE-B760-521FD2566D8C}"
EndProject
Global
	GlobalSection(SolutionConfigurationPlatforms) = preSolution
		Debug|Any CPU = Debug|Any CPU
		Release|Any CPU = Release|Any CPU
	EndGlobalSection
	GlobalSection(ProjectConfigurationPlatforms) = postSolution
		{33054426-ADB5-44AE-B760-521FD2566D8C}.Debug|Any CPU.ActiveCfg = Debug|Any CPU
		{33054426-ADB5-44AE-B760-521FD2566D8C}.Debug|Any CPU.Build.0 = Debug|Any CPU
		{33054426-ADB5-44AE-B760-521FD2566D8C}.Release|Any CPU.ActiveCfg = Release|Any CPU
		{33054426-ADB5-44AE-B760-521FD2566D8C}.Release|Any CPU.Build.0 = Release|Any CPU
	EndGlobalSection
EndGlobal
